// !$*UTF8*$!
{
	archiveVersion = 1;
	classes = {
	};
	objectVersion = 52;
	objects = {

/* Begin PBXBuildFile section */
		1625508724398D4D008FB122 /* AppDelegate.swift in Sources */ = {isa = PBXBuildFile; fileRef = 1625508624398D4D008FB122 /* AppDelegate.swift */; };
		1625508924398D4D008FB122 /* SceneDelegate.swift in Sources */ = {isa = PBXBuildFile; fileRef = 1625508824398D4D008FB122 /* SceneDelegate.swift */; };
		1625508B24398D4D008FB122 /* ViewController.swift in Sources */ = {isa = PBXBuildFile; fileRef = 1625508A24398D4D008FB122 /* ViewController.swift */; };
		1625508E24398D4D008FB122 /* Main.storyboard in Resources */ = {isa = PBXBuildFile; fileRef = 1625508C24398D4D008FB122 /* Main.storyboard */; };
		1625509024398D4F008FB122 /* Assets.xcassets in Resources */ = {isa = PBXBuildFile; fileRef = 1625508F24398D4F008FB122 /* Assets.xcassets */; };
		1625509324398D4F008FB122 /* LaunchScreen.storyboard in Resources */ = {isa = PBXBuildFile; fileRef = 1625509124398D4F008FB122 /* LaunchScreen.storyboard */; };
		1625509E24398D4F008FB122 /* Tile_ViewTests.swift in Sources */ = {isa = PBXBuildFile; fileRef = 1625509D24398D4F008FB122 /* Tile_ViewTests.swift */; };
		162550A924398F3B008FB122 /* TileEditorView.swift in Sources */ = {isa = PBXBuildFile; fileRef = 162550A824398F3B008FB122 /* TileEditorView.swift */; };
		162550AB243992E4008FB122 /* Pixel.swift in Sources */ = {isa = PBXBuildFile; fileRef = 162550AA243992E4008FB122 /* Pixel.swift */; };
		167772A1243AA6AF003F22F9 /* AppKitBridge.bundle in Embed PlugIns */ = {isa = PBXBuildFile; fileRef = 1677729A243AA69F003F22F9 /* AppKitBridge.bundle */; platformFilter = maccatalyst; settings = {ATTRIBUTES = (CodeSignOnCopy, RemoveHeadersOnCopy, ); }; };
		167772A9243AA913003F22F9 /* AppKitApp.swift in Sources */ = {isa = PBXBuildFile; fileRef = 167772A8243AA913003F22F9 /* AppKitApp.swift */; };
		167772AB243AA9DF003F22F9 /* Catalyst.swift in Sources */ = {isa = PBXBuildFile; fileRef = 167772AA243AA9DF003F22F9 /* Catalyst.swift */; };
		167772AD243AAA3A003F22F9 /* AppKit.h in Sources */ = {isa = PBXBuildFile; fileRef = 167772AC243AAA3A003F22F9 /* AppKit.h */; };
		167772B1243AE1E6003F22F9 /* ColorPickerView.swift in Sources */ = {isa = PBXBuildFile; fileRef = 167772B0243AE1E6003F22F9 /* ColorPickerView.swift */; };
		1682263C2442D62F007A3FE7 /* ColorView.swift in Sources */ = {isa = PBXBuildFile; fileRef = 1682263B2442D62F007A3FE7 /* ColorView.swift */; };
		169562DB243D17380050BC36 /* ThumbnailView.swift in Sources */ = {isa = PBXBuildFile; fileRef = 169562DA243D17380050BC36 /* ThumbnailView.swift */; };
		169ED4EB243FB573004B1E90 /* ColorPickerViewController.swift in Sources */ = {isa = PBXBuildFile; fileRef = 169ED4EA243FB573004B1E90 /* ColorPickerViewController.swift */; };
		169ED4EE243FB59E004B1E90 /* ColorPicker.storyboard in Resources */ = {isa = PBXBuildFile; fileRef = 169ED4EC243FB59E004B1E90 /* ColorPicker.storyboard */; };
		16B3F65A243BF72500EC9CF2 /* TileEditorCanvasView.swift in Sources */ = {isa = PBXBuildFile; fileRef = 16B3F659243BF72500EC9CF2 /* TileEditorCanvasView.swift */; };
		16B3F65C243C395000EC9CF2 /* PixelLocation.swift in Sources */ = {isa = PBXBuildFile; fileRef = 16B3F65B243C395000EC9CF2 /* PixelLocation.swift */; };
		16C50822243E21D100333186 /* Tile.swift in Sources */ = {isa = PBXBuildFile; fileRef = 16C50821243E21D100333186 /* Tile.swift */; };
		16C50824243E21E400333186 /* TileSet8Sided.swift in Sources */ = {isa = PBXBuildFile; fileRef = 16C50823243E21E400333186 /* TileSet8Sided.swift */; };
		16C50826243E21FB00333186 /* Color.swift in Sources */ = {isa = PBXBuildFile; fileRef = 16C50825243E21FB00333186 /* Color.swift */; };
		16C50828243E247D00333186 /* ColorManager.swift in Sources */ = {isa = PBXBuildFile; fileRef = 16C50827243E247D00333186 /* ColorManager.swift */; };
		16C5082A243E712F00333186 /* TileChooserButton.swift in Sources */ = {isa = PBXBuildFile; fileRef = 16C50829243E712F00333186 /* TileChooserButton.swift */; };
		16FEDC752444FC8700DF0B59 /* Layer.swift in Sources */ = {isa = PBXBuildFile; fileRef = 16FEDC742444FC8700DF0B59 /* Layer.swift */; };
		16FEDC772444FC9000DF0B59 /* BitmapLayer.swift in Sources */ = {isa = PBXBuildFile; fileRef = 16FEDC762444FC9000DF0B59 /* BitmapLayer.swift */; };
		16FEDC792444FCA200DF0B59 /* VectorLayer.swift in Sources */ = {isa = PBXBuildFile; fileRef = 16FEDC782444FCA200DF0B59 /* VectorLayer.swift */; };
		16FEDC7B24455F0300DF0B59 /* Shape.swift in Sources */ = {isa = PBXBuildFile; fileRef = 16FEDC7A24455F0300DF0B59 /* Shape.swift */; };
		16FEDC7D24455F9500DF0B59 /* RulerView.swift in Sources */ = {isa = PBXBuildFile; fileRef = 16FEDC7C24455F9500DF0B59 /* RulerView.swift */; };
		16FEDC80244567A600DF0B59 /* Layers.storyboard in Resources */ = {isa = PBXBuildFile; fileRef = 16FEDC7E244567A600DF0B59 /* Layers.storyboard */; };
		16FEDC8224456AAB00DF0B59 /* LayersViewController.swift in Sources */ = {isa = PBXBuildFile; fileRef = 16FEDC8124456AAB00DF0B59 /* LayersViewController.swift */; };
/* End PBXBuildFile section */

/* Begin PBXContainerItemProxy section */
		1625509A24398D4F008FB122 /* PBXContainerItemProxy */ = {
			isa = PBXContainerItemProxy;
			containerPortal = 1625507B24398D4D008FB122 /* Project object */;
			proxyType = 1;
			remoteGlobalIDString = 1625508224398D4D008FB122;
			remoteInfo = "Tile View";
		};
		167772A2243AA6AF003F22F9 /* PBXContainerItemProxy */ = {
			isa = PBXContainerItemProxy;
			containerPortal = 1625507B24398D4D008FB122 /* Project object */;
			proxyType = 1;
			remoteGlobalIDString = 16777299243AA69F003F22F9;
			remoteInfo = AppKitBridge;
		};
/* End PBXContainerItemProxy section */

/* Begin PBXCopyFilesBuildPhase section */
		167772A4243AA6AF003F22F9 /* Embed PlugIns */ = {
			isa = PBXCopyFilesBuildPhase;
			buildActionMask = 2147483647;
			dstPath = "";
			dstSubfolderSpec = 13;
			files = (
				167772A1243AA6AF003F22F9 /* AppKitBridge.bundle in Embed PlugIns */,
			);
			name = "Embed PlugIns";
			runOnlyForDeploymentPostprocessing = 0;
		};
/* End PBXCopyFilesBuildPhase section */

/* Begin PBXFileReference section */
		1625508324398D4D008FB122 /* Tile View.app */ = {isa = PBXFileReference; explicitFileType = wrapper.application; includeInIndex = 0; path = "Tile View.app"; sourceTree = BUILT_PRODUCTS_DIR; };
		1625508624398D4D008FB122 /* AppDelegate.swift */ = {isa = PBXFileReference; lastKnownFileType = sourcecode.swift; path = AppDelegate.swift; sourceTree = "<group>"; };
		1625508824398D4D008FB122 /* SceneDelegate.swift */ = {isa = PBXFileReference; lastKnownFileType = sourcecode.swift; path = SceneDelegate.swift; sourceTree = "<group>"; };
		1625508A24398D4D008FB122 /* ViewController.swift */ = {isa = PBXFileReference; lastKnownFileType = sourcecode.swift; path = ViewController.swift; sourceTree = "<group>"; };
		1625508D24398D4D008FB122 /* Base */ = {isa = PBXFileReference; lastKnownFileType = file.storyboard; name = Base; path = Base.lproj/Main.storyboard; sourceTree = "<group>"; };
		1625508F24398D4F008FB122 /* Assets.xcassets */ = {isa = PBXFileReference; lastKnownFileType = folder.assetcatalog; path = Assets.xcassets; sourceTree = "<group>"; };
		1625509224398D4F008FB122 /* Base */ = {isa = PBXFileReference; lastKnownFileType = file.storyboard; name = Base; path = Base.lproj/LaunchScreen.storyboard; sourceTree = "<group>"; };
		1625509424398D4F008FB122 /* Info.plist */ = {isa = PBXFileReference; lastKnownFileType = text.plist.xml; path = Info.plist; sourceTree = "<group>"; };
		1625509924398D4F008FB122 /* Tile ViewTests.xctest */ = {isa = PBXFileReference; explicitFileType = wrapper.cfbundle; includeInIndex = 0; path = "Tile ViewTests.xctest"; sourceTree = BUILT_PRODUCTS_DIR; };
		1625509D24398D4F008FB122 /* Tile_ViewTests.swift */ = {isa = PBXFileReference; lastKnownFileType = sourcecode.swift; path = Tile_ViewTests.swift; sourceTree = "<group>"; };
		1625509F24398D4F008FB122 /* Info.plist */ = {isa = PBXFileReference; lastKnownFileType = text.plist.xml; path = Info.plist; sourceTree = "<group>"; };
		162550A824398F3B008FB122 /* TileEditorView.swift */ = {isa = PBXFileReference; lastKnownFileType = sourcecode.swift; path = TileEditorView.swift; sourceTree = "<group>"; };
		162550AA243992E4008FB122 /* Pixel.swift */ = {isa = PBXFileReference; lastKnownFileType = sourcecode.swift; path = Pixel.swift; sourceTree = "<group>"; };
		16777295243A94A8003F22F9 /* Tile View.entitlements */ = {isa = PBXFileReference; lastKnownFileType = text.plist.entitlements; path = "Tile View.entitlements"; sourceTree = "<group>"; };
		1677729A243AA69F003F22F9 /* AppKitBridge.bundle */ = {isa = PBXFileReference; explicitFileType = wrapper.cfbundle; includeInIndex = 0; path = AppKitBridge.bundle; sourceTree = BUILT_PRODUCTS_DIR; };
		1677729C243AA69F003F22F9 /* Info.plist */ = {isa = PBXFileReference; lastKnownFileType = text.plist.xml; path = Info.plist; sourceTree = "<group>"; };
		167772A7243AA913003F22F9 /* AppKitBridge-Bridging-Header.h */ = {isa = PBXFileReference; lastKnownFileType = sourcecode.c.h; path = "AppKitBridge-Bridging-Header.h"; sourceTree = "<group>"; };
		167772A8243AA913003F22F9 /* AppKitApp.swift */ = {isa = PBXFileReference; lastKnownFileType = sourcecode.swift; path = AppKitApp.swift; sourceTree = "<group>"; };
		167772AA243AA9DF003F22F9 /* Catalyst.swift */ = {isa = PBXFileReference; lastKnownFileType = sourcecode.swift; path = Catalyst.swift; sourceTree = "<group>"; };
		167772AC243AAA3A003F22F9 /* AppKit.h */ = {isa = PBXFileReference; lastKnownFileType = sourcecode.c.h; path = AppKit.h; sourceTree = "<group>"; };
		167772AE243AAA87003F22F9 /* Tile View-Bridging-Header.h */ = {isa = PBXFileReference; lastKnownFileType = sourcecode.c.h; path = "Tile View-Bridging-Header.h"; sourceTree = "<group>"; };
		167772B0243AE1E6003F22F9 /* ColorPickerView.swift */ = {isa = PBXFileReference; lastKnownFileType = sourcecode.swift; path = ColorPickerView.swift; sourceTree = "<group>"; };
		1682263B2442D62F007A3FE7 /* ColorView.swift */ = {isa = PBXFileReference; lastKnownFileType = sourcecode.swift; path = ColorView.swift; sourceTree = "<group>"; };
		169562DA243D17380050BC36 /* ThumbnailView.swift */ = {isa = PBXFileReference; lastKnownFileType = sourcecode.swift; path = ThumbnailView.swift; sourceTree = "<group>"; };
		169ED4EA243FB573004B1E90 /* ColorPickerViewController.swift */ = {isa = PBXFileReference; lastKnownFileType = sourcecode.swift; path = ColorPickerViewController.swift; sourceTree = "<group>"; };
		169ED4ED243FB59E004B1E90 /* Base */ = {isa = PBXFileReference; lastKnownFileType = file.storyboard; name = Base; path = "Tile View/Base.lproj/ColorPicker.storyboard"; sourceTree = "<group>"; };
		16B3F659243BF72500EC9CF2 /* TileEditorCanvasView.swift */ = {isa = PBXFileReference; lastKnownFileType = sourcecode.swift; path = TileEditorCanvasView.swift; sourceTree = "<group>"; };
		16B3F65B243C395000EC9CF2 /* PixelLocation.swift */ = {isa = PBXFileReference; lastKnownFileType = sourcecode.swift; path = PixelLocation.swift; sourceTree = "<group>"; };
		16C50821243E21D100333186 /* Tile.swift */ = {isa = PBXFileReference; lastKnownFileType = sourcecode.swift; path = Tile.swift; sourceTree = "<group>"; };
		16C50823243E21E400333186 /* TileSet8Sided.swift */ = {isa = PBXFileReference; lastKnownFileType = sourcecode.swift; path = TileSet8Sided.swift; sourceTree = "<group>"; };
		16C50825243E21FB00333186 /* Color.swift */ = {isa = PBXFileReference; lastKnownFileType = sourcecode.swift; path = Color.swift; sourceTree = "<group>"; };
		16C50827243E247D00333186 /* ColorManager.swift */ = {isa = PBXFileReference; lastKnownFileType = sourcecode.swift; path = ColorManager.swift; sourceTree = "<group>"; };
		16C50829243E712F00333186 /* TileChooserButton.swift */ = {isa = PBXFileReference; lastKnownFileType = sourcecode.swift; path = TileChooserButton.swift; sourceTree = "<group>"; };
		16FEDC742444FC8700DF0B59 /* Layer.swift */ = {isa = PBXFileReference; lastKnownFileType = sourcecode.swift; path = Layer.swift; sourceTree = "<group>"; };
		16FEDC762444FC9000DF0B59 /* BitmapLayer.swift */ = {isa = PBXFileReference; lastKnownFileType = sourcecode.swift; path = BitmapLayer.swift; sourceTree = "<group>"; };
		16FEDC782444FCA200DF0B59 /* VectorLayer.swift */ = {isa = PBXFileReference; lastKnownFileType = sourcecode.swift; path = VectorLayer.swift; sourceTree = "<group>"; };
		16FEDC7A24455F0300DF0B59 /* Shape.swift */ = {isa = PBXFileReference; lastKnownFileType = sourcecode.swift; path = Shape.swift; sourceTree = "<group>"; };
		16FEDC7C24455F9500DF0B59 /* RulerView.swift */ = {isa = PBXFileReference; lastKnownFileType = sourcecode.swift; path = RulerView.swift; sourceTree = "<group>"; };
		16FEDC7F244567A600DF0B59 /* Base */ = {isa = PBXFileReference; lastKnownFileType = file.storyboard; name = Base; path = "Tile View/Base.lproj/Layers.storyboard"; sourceTree = "<group>"; };
		16FEDC8124456AAB00DF0B59 /* LayersViewController.swift */ = {isa = PBXFileReference; lastKnownFileType = sourcecode.swift; path = LayersViewController.swift; sourceTree = "<group>"; };
/* End PBXFileReference section */

/* Begin PBXFrameworksBuildPhase section */
		1625508024398D4D008FB122 /* Frameworks */ = {
			isa = PBXFrameworksBuildPhase;
			buildActionMask = 2147483647;
			files = (
			);
			runOnlyForDeploymentPostprocessing = 0;
		};
		1625509624398D4F008FB122 /* Frameworks */ = {
			isa = PBXFrameworksBuildPhase;
			buildActionMask = 2147483647;
			files = (
			);
			runOnlyForDeploymentPostprocessing = 0;
		};
		16777297243AA69F003F22F9 /* Frameworks */ = {
			isa = PBXFrameworksBuildPhase;
			buildActionMask = 2147483647;
			files = (
			);
			runOnlyForDeploymentPostprocessing = 0;
		};
/* End PBXFrameworksBuildPhase section */

/* Begin PBXGroup section */
		1625507A24398D4D008FB122 = {
			isa = PBXGroup;
			children = (
				1625508524398D4D008FB122 /* Tile View */,
				1625509C24398D4F008FB122 /* Tile ViewTests */,
				1677729B243AA69F003F22F9 /* AppKitBridge */,
				1625508424398D4D008FB122 /* Products */,
				167772A0243AA6AF003F22F9 /* Frameworks */,
			);
			sourceTree = "<group>";
		};
		1625508424398D4D008FB122 /* Products */ = {
			isa = PBXGroup;
			children = (
				1625508324398D4D008FB122 /* Tile View.app */,
				1625509924398D4F008FB122 /* Tile ViewTests.xctest */,
				1677729A243AA69F003F22F9 /* AppKitBridge.bundle */,
			);
			name = Products;
			sourceTree = "<group>";
		};
		1625508524398D4D008FB122 /* Tile View */ = {
			isa = PBXGroup;
			children = (
				16777295243A94A8003F22F9 /* Tile View.entitlements */,
				1625508624398D4D008FB122 /* AppDelegate.swift */,
				1625508824398D4D008FB122 /* SceneDelegate.swift */,
				1625508A24398D4D008FB122 /* ViewController.swift */,
				1625508C24398D4D008FB122 /* Main.storyboard */,
				169ED4EC243FB59E004B1E90 /* ColorPicker.storyboard */,
				16FEDC7E244567A600DF0B59 /* Layers.storyboard */,
				1625508F24398D4F008FB122 /* Assets.xcassets */,
				1625509124398D4F008FB122 /* LaunchScreen.storyboard */,
				1625509424398D4F008FB122 /* Info.plist */,
				162550A824398F3B008FB122 /* TileEditorView.swift */,
				162550AA243992E4008FB122 /* Pixel.swift */,
				167772AA243AA9DF003F22F9 /* Catalyst.swift */,
				167772AC243AAA3A003F22F9 /* AppKit.h */,
				167772AE243AAA87003F22F9 /* Tile View-Bridging-Header.h */,
				167772B0243AE1E6003F22F9 /* ColorPickerView.swift */,
				16B3F659243BF72500EC9CF2 /* TileEditorCanvasView.swift */,
				16B3F65B243C395000EC9CF2 /* PixelLocation.swift */,
				169562DA243D17380050BC36 /* ThumbnailView.swift */,
				16C50821243E21D100333186 /* Tile.swift */,
				16C50823243E21E400333186 /* TileSet8Sided.swift */,
				16C50825243E21FB00333186 /* Color.swift */,
				16C50827243E247D00333186 /* ColorManager.swift */,
				16C50829243E712F00333186 /* TileChooserButton.swift */,
				169ED4EA243FB573004B1E90 /* ColorPickerViewController.swift */,
				1682263B2442D62F007A3FE7 /* ColorView.swift */,
				16FEDC742444FC8700DF0B59 /* Layer.swift */,
				16FEDC762444FC9000DF0B59 /* BitmapLayer.swift */,
				16FEDC782444FCA200DF0B59 /* VectorLayer.swift */,
				16FEDC7A24455F0300DF0B59 /* Shape.swift */,
				16FEDC7C24455F9500DF0B59 /* RulerView.swift */,
				16FEDC8124456AAB00DF0B59 /* LayersViewController.swift */,
			);
			path = "Tile View";
			sourceTree = "<group>";
		};
		1625509C24398D4F008FB122 /* Tile ViewTests */ = {
			isa = PBXGroup;
			children = (
				1625509D24398D4F008FB122 /* Tile_ViewTests.swift */,
				1625509F24398D4F008FB122 /* Info.plist */,
			);
			path = "Tile ViewTests";
			sourceTree = "<group>";
		};
		1677729B243AA69F003F22F9 /* AppKitBridge */ = {
			isa = PBXGroup;
			children = (
				1677729C243AA69F003F22F9 /* Info.plist */,
				167772A8243AA913003F22F9 /* AppKitApp.swift */,
				167772A7243AA913003F22F9 /* AppKitBridge-Bridging-Header.h */,
			);
			path = AppKitBridge;
			sourceTree = "<group>";
		};
		167772A0243AA6AF003F22F9 /* Frameworks */ = {
			isa = PBXGroup;
			children = (
			);
			name = Frameworks;
			sourceTree = "<group>";
		};
/* End PBXGroup section */

/* Begin PBXNativeTarget section */
		1625508224398D4D008FB122 /* Tile View */ = {
			isa = PBXNativeTarget;
			buildConfigurationList = 162550A224398D4F008FB122 /* Build configuration list for PBXNativeTarget "Tile View" */;
			buildPhases = (
				1625507F24398D4D008FB122 /* Sources */,
				1625508024398D4D008FB122 /* Frameworks */,
				1625508124398D4D008FB122 /* Resources */,
				167772A4243AA6AF003F22F9 /* Embed PlugIns */,
			);
			buildRules = (
			);
			dependencies = (
				167772A3243AA6AF003F22F9 /* PBXTargetDependency */,
			);
			name = "Tile View";
			productName = "Tile View";
			productReference = 1625508324398D4D008FB122 /* Tile View.app */;
			productType = "com.apple.product-type.application";
		};
		1625509824398D4F008FB122 /* Tile ViewTests */ = {
			isa = PBXNativeTarget;
			buildConfigurationList = 162550A524398D4F008FB122 /* Build configuration list for PBXNativeTarget "Tile ViewTests" */;
			buildPhases = (
				1625509524398D4F008FB122 /* Sources */,
				1625509624398D4F008FB122 /* Frameworks */,
				1625509724398D4F008FB122 /* Resources */,
			);
			buildRules = (
			);
			dependencies = (
				1625509B24398D4F008FB122 /* PBXTargetDependency */,
			);
			name = "Tile ViewTests";
			productName = "Tile ViewTests";
			productReference = 1625509924398D4F008FB122 /* Tile ViewTests.xctest */;
			productType = "com.apple.product-type.bundle.unit-test";
		};
		16777299243AA69F003F22F9 /* AppKitBridge */ = {
			isa = PBXNativeTarget;
			buildConfigurationList = 1677729D243AA69F003F22F9 /* Build configuration list for PBXNativeTarget "AppKitBridge" */;
			buildPhases = (
				16777296243AA69F003F22F9 /* Sources */,
				16777297243AA69F003F22F9 /* Frameworks */,
				16777298243AA69F003F22F9 /* Resources */,
			);
			buildRules = (
			);
			dependencies = (
			);
			name = AppKitBridge;
			productName = AppKitBridge;
			productReference = 1677729A243AA69F003F22F9 /* AppKitBridge.bundle */;
			productType = "com.apple.product-type.bundle";
		};
/* End PBXNativeTarget section */

/* Begin PBXProject section */
		1625507B24398D4D008FB122 /* Project object */ = {
			isa = PBXProject;
			attributes = {
				LastSwiftUpdateCheck = 1140;
				LastUpgradeCheck = 1140;
				ORGANIZATIONNAME = "Jacob Hazelgrove";
				TargetAttributes = {
					1625508224398D4D008FB122 = {
						CreatedOnToolsVersion = 11.4;
						LastSwiftMigration = 1140;
					};
					1625509824398D4F008FB122 = {
						CreatedOnToolsVersion = 11.4;
						TestTargetID = 1625508224398D4D008FB122;
					};
					16777299243AA69F003F22F9 = {
						CreatedOnToolsVersion = 11.4;
						LastSwiftMigration = 1140;
					};
				};
			};
			buildConfigurationList = 1625507E24398D4D008FB122 /* Build configuration list for PBXProject "Tile View" */;
			compatibilityVersion = "Xcode 9.3";
			developmentRegion = en;
			hasScannedForEncodings = 0;
			knownRegions = (
				en,
				Base,
			);
			mainGroup = 1625507A24398D4D008FB122;
			productRefGroup = 1625508424398D4D008FB122 /* Products */;
			projectDirPath = "";
			projectRoot = "";
			targets = (
				1625508224398D4D008FB122 /* Tile View */,
				1625509824398D4F008FB122 /* Tile ViewTests */,
				16777299243AA69F003F22F9 /* AppKitBridge */,
			);
		};
/* End PBXProject section */

/* Begin PBXResourcesBuildPhase section */
		1625508124398D4D008FB122 /* Resources */ = {
			isa = PBXResourcesBuildPhase;
			buildActionMask = 2147483647;
			files = (
				1625509324398D4F008FB122 /* LaunchScreen.storyboard in Resources */,
				1625509024398D4F008FB122 /* Assets.xcassets in Resources */,
				16FEDC80244567A600DF0B59 /* Layers.storyboard in Resources */,
				169ED4EE243FB59E004B1E90 /* ColorPicker.storyboard in Resources */,
				1625508E24398D4D008FB122 /* Main.storyboard in Resources */,
			);
			runOnlyForDeploymentPostprocessing = 0;
		};
		1625509724398D4F008FB122 /* Resources */ = {
			isa = PBXResourcesBuildPhase;
			buildActionMask = 2147483647;
			files = (
			);
			runOnlyForDeploymentPostprocessing = 0;
		};
		16777298243AA69F003F22F9 /* Resources */ = {
			isa = PBXResourcesBuildPhase;
			buildActionMask = 2147483647;
			files = (
			);
			runOnlyForDeploymentPostprocessing = 0;
		};
/* End PBXResourcesBuildPhase section */

/* Begin PBXSourcesBuildPhase section */
		1625507F24398D4D008FB122 /* Sources */ = {
			isa = PBXSourcesBuildPhase;
			buildActionMask = 2147483647;
			files = (
				16FEDC792444FCA200DF0B59 /* VectorLayer.swift in Sources */,
				167772B1243AE1E6003F22F9 /* ColorPickerView.swift in Sources */,
				1625508B24398D4D008FB122 /* ViewController.swift in Sources */,
				1625508724398D4D008FB122 /* AppDelegate.swift in Sources */,
				16FEDC7D24455F9500DF0B59 /* RulerView.swift in Sources */,
				16C50824243E21E400333186 /* TileSet8Sided.swift in Sources */,
				16FEDC752444FC8700DF0B59 /* Layer.swift in Sources */,
				16C50822243E21D100333186 /* Tile.swift in Sources */,
				167772AB243AA9DF003F22F9 /* Catalyst.swift in Sources */,
				1682263C2442D62F007A3FE7 /* ColorView.swift in Sources */,
				16C50828243E247D00333186 /* ColorManager.swift in Sources */,
				162550AB243992E4008FB122 /* Pixel.swift in Sources */,
				162550A924398F3B008FB122 /* TileEditorView.swift in Sources */,
				169ED4EB243FB573004B1E90 /* ColorPickerViewController.swift in Sources */,
				16B3F65A243BF72500EC9CF2 /* TileEditorCanvasView.swift in Sources */,
				16C50826243E21FB00333186 /* Color.swift in Sources */,
				16FEDC772444FC9000DF0B59 /* BitmapLayer.swift in Sources */,
				167772AD243AAA3A003F22F9 /* AppKit.h in Sources */,
				16FEDC7B24455F0300DF0B59 /* Shape.swift in Sources */,
				1625508924398D4D008FB122 /* SceneDelegate.swift in Sources */,
				16FEDC8224456AAB00DF0B59 /* LayersViewController.swift in Sources */,
				169562DB243D17380050BC36 /* ThumbnailView.swift in Sources */,
				16B3F65C243C395000EC9CF2 /* PixelLocation.swift in Sources */,
				16C5082A243E712F00333186 /* TileChooserButton.swift in Sources */,
			);
			runOnlyForDeploymentPostprocessing = 0;
		};
		1625509524398D4F008FB122 /* Sources */ = {
			isa = PBXSourcesBuildPhase;
			buildActionMask = 2147483647;
			files = (
				1625509E24398D4F008FB122 /* Tile_ViewTests.swift in Sources */,
			);
			runOnlyForDeploymentPostprocessing = 0;
		};
		16777296243AA69F003F22F9 /* Sources */ = {
			isa = PBXSourcesBuildPhase;
			buildActionMask = 2147483647;
			files = (
				167772A9243AA913003F22F9 /* AppKitApp.swift in Sources */,
			);
			runOnlyForDeploymentPostprocessing = 0;
		};
/* End PBXSourcesBuildPhase section */

/* Begin PBXTargetDependency section */
		1625509B24398D4F008FB122 /* PBXTargetDependency */ = {
			isa = PBXTargetDependency;
			target = 1625508224398D4D008FB122 /* Tile View */;
			targetProxy = 1625509A24398D4F008FB122 /* PBXContainerItemProxy */;
		};
		167772A3243AA6AF003F22F9 /* PBXTargetDependency */ = {
			isa = PBXTargetDependency;
			platformFilter = maccatalyst;
			target = 16777299243AA69F003F22F9 /* AppKitBridge */;
			targetProxy = 167772A2243AA6AF003F22F9 /* PBXContainerItemProxy */;
		};
/* End PBXTargetDependency section */

/* Begin PBXVariantGroup section */
		1625508C24398D4D008FB122 /* Main.storyboard */ = {
			isa = PBXVariantGroup;
			children = (
				1625508D24398D4D008FB122 /* Base */,
			);
			name = Main.storyboard;
			sourceTree = "<group>";
		};
		1625509124398D4F008FB122 /* LaunchScreen.storyboard */ = {
			isa = PBXVariantGroup;
			children = (
				1625509224398D4F008FB122 /* Base */,
			);
			name = LaunchScreen.storyboard;
			sourceTree = "<group>";
		};
		169ED4EC243FB59E004B1E90 /* ColorPicker.storyboard */ = {
			isa = PBXVariantGroup;
			children = (
				169ED4ED243FB59E004B1E90 /* Base */,
			);
			name = ColorPicker.storyboard;
			sourceTree = "<group>";
		};
		16FEDC7E244567A600DF0B59 /* Layers.storyboard */ = {
			isa = PBXVariantGroup;
			children = (
				16FEDC7F244567A600DF0B59 /* Base */,
			);
			name = Layers.storyboard;
			sourceTree = "<group>";
		};
/* End PBXVariantGroup section */

/* Begin XCBuildConfiguration section */
		162550A024398D4F008FB122 /* Debug */ = {
			isa = XCBuildConfiguration;
			buildSettings = {
				ALWAYS_SEARCH_USER_PATHS = NO;
				CLANG_ANALYZER_NONNULL = YES;
				CLANG_ANALYZER_NUMBER_OBJECT_CONVERSION = YES_AGGRESSIVE;
				CLANG_CXX_LANGUAGE_STANDARD = "gnu++14";
				CLANG_CXX_LIBRARY = "libc++";
				CLANG_ENABLE_MODULES = YES;
				CLANG_ENABLE_OBJC_ARC = YES;
				CLANG_ENABLE_OBJC_WEAK = YES;
				CLANG_WARN_BLOCK_CAPTURE_AUTORELEASING = YES;
				CLANG_WARN_BOOL_CONVERSION = YES;
				CLANG_WARN_COMMA = YES;
				CLANG_WARN_CONSTANT_CONVERSION = YES;
				CLANG_WARN_DEPRECATED_OBJC_IMPLEMENTATIONS = YES;
				CLANG_WARN_DIRECT_OBJC_ISA_USAGE = YES_ERROR;
				CLANG_WARN_DOCUMENTATION_COMMENTS = YES;
				CLANG_WARN_EMPTY_BODY = YES;
				CLANG_WARN_ENUM_CONVERSION = YES;
				CLANG_WARN_INFINITE_RECURSION = YES;
				CLANG_WARN_INT_CONVERSION = YES;
				CLANG_WARN_NON_LITERAL_NULL_CONVERSION = YES;
				CLANG_WARN_OBJC_IMPLICIT_RETAIN_SELF = YES;
				CLANG_WARN_OBJC_LITERAL_CONVERSION = YES;
				CLANG_WARN_OBJC_ROOT_CLASS = YES_ERROR;
				CLANG_WARN_RANGE_LOOP_ANALYSIS = YES;
				CLANG_WARN_STRICT_PROTOTYPES = YES;
				CLANG_WARN_SUSPICIOUS_MOVE = YES;
				CLANG_WARN_UNGUARDED_AVAILABILITY = YES_AGGRESSIVE;
				CLANG_WARN_UNREACHABLE_CODE = YES;
				CLANG_WARN__DUPLICATE_METHOD_MATCH = YES;
				COPY_PHASE_STRIP = NO;
				DEBUG_INFORMATION_FORMAT = dwarf;
				ENABLE_STRICT_OBJC_MSGSEND = YES;
				ENABLE_TESTABILITY = YES;
				GCC_C_LANGUAGE_STANDARD = gnu11;
				GCC_DYNAMIC_NO_PIC = NO;
				GCC_NO_COMMON_BLOCKS = YES;
				GCC_OPTIMIZATION_LEVEL = 0;
				GCC_PREPROCESSOR_DEFINITIONS = (
					"DEBUG=1",
					"$(inherited)",
				);
				GCC_WARN_64_TO_32_BIT_CONVERSION = YES;
				GCC_WARN_ABOUT_RETURN_TYPE = YES_ERROR;
				GCC_WARN_UNDECLARED_SELECTOR = YES;
				GCC_WARN_UNINITIALIZED_AUTOS = YES_AGGRESSIVE;
				GCC_WARN_UNUSED_FUNCTION = YES;
				GCC_WARN_UNUSED_VARIABLE = YES;
				IPHONEOS_DEPLOYMENT_TARGET = 13.3;
				MTL_ENABLE_DEBUG_INFO = INCLUDE_SOURCE;
				MTL_FAST_MATH = YES;
				ONLY_ACTIVE_ARCH = YES;
				SDKROOT = iphoneos;
				SWIFT_ACTIVE_COMPILATION_CONDITIONS = DEBUG;
				SWIFT_OPTIMIZATION_LEVEL = "-Onone";
			};
			name = Debug;
		};
		162550A124398D4F008FB122 /* Release */ = {
			isa = XCBuildConfiguration;
			buildSettings = {
				ALWAYS_SEARCH_USER_PATHS = NO;
				CLANG_ANALYZER_NONNULL = YES;
				CLANG_ANALYZER_NUMBER_OBJECT_CONVERSION = YES_AGGRESSIVE;
				CLANG_CXX_LANGUAGE_STANDARD = "gnu++14";
				CLANG_CXX_LIBRARY = "libc++";
				CLANG_ENABLE_MODULES = YES;
				CLANG_ENABLE_OBJC_ARC = YES;
				CLANG_ENABLE_OBJC_WEAK = YES;
				CLANG_WARN_BLOCK_CAPTURE_AUTORELEASING = YES;
				CLANG_WARN_BOOL_CONVERSION = YES;
				CLANG_WARN_COMMA = YES;
				CLANG_WARN_CONSTANT_CONVERSION = YES;
				CLANG_WARN_DEPRECATED_OBJC_IMPLEMENTATIONS = YES;
				CLANG_WARN_DIRECT_OBJC_ISA_USAGE = YES_ERROR;
				CLANG_WARN_DOCUMENTATION_COMMENTS = YES;
				CLANG_WARN_EMPTY_BODY = YES;
				CLANG_WARN_ENUM_CONVERSION = YES;
				CLANG_WARN_INFINITE_RECURSION = YES;
				CLANG_WARN_INT_CONVERSION = YES;
				CLANG_WARN_NON_LITERAL_NULL_CONVERSION = YES;
				CLANG_WARN_OBJC_IMPLICIT_RETAIN_SELF = YES;
				CLANG_WARN_OBJC_LITERAL_CONVERSION = YES;
				CLANG_WARN_OBJC_ROOT_CLASS = YES_ERROR;
				CLANG_WARN_RANGE_LOOP_ANALYSIS = YES;
				CLANG_WARN_STRICT_PROTOTYPES = YES;
				CLANG_WARN_SUSPICIOUS_MOVE = YES;
				CLANG_WARN_UNGUARDED_AVAILABILITY = YES_AGGRESSIVE;
				CLANG_WARN_UNREACHABLE_CODE = YES;
				CLANG_WARN__DUPLICATE_METHOD_MATCH = YES;
				COPY_PHASE_STRIP = NO;
				DEBUG_INFORMATION_FORMAT = "dwarf-with-dsym";
				ENABLE_NS_ASSERTIONS = NO;
				ENABLE_STRICT_OBJC_MSGSEND = YES;
				GCC_C_LANGUAGE_STANDARD = gnu11;
				GCC_NO_COMMON_BLOCKS = YES;
				GCC_WARN_64_TO_32_BIT_CONVERSION = YES;
				GCC_WARN_ABOUT_RETURN_TYPE = YES_ERROR;
				GCC_WARN_UNDECLARED_SELECTOR = YES;
				GCC_WARN_UNINITIALIZED_AUTOS = YES_AGGRESSIVE;
				GCC_WARN_UNUSED_FUNCTION = YES;
				GCC_WARN_UNUSED_VARIABLE = YES;
				IPHONEOS_DEPLOYMENT_TARGET = 13.3;
				MTL_ENABLE_DEBUG_INFO = NO;
				MTL_FAST_MATH = YES;
				SDKROOT = iphoneos;
				SWIFT_COMPILATION_MODE = wholemodule;
				SWIFT_OPTIMIZATION_LEVEL = "-O";
				VALIDATE_PRODUCT = YES;
			};
			name = Release;
		};
		162550A324398D4F008FB122 /* Debug */ = {
			isa = XCBuildConfiguration;
			buildSettings = {
				ALWAYS_EMBED_SWIFT_STANDARD_LIBRARIES = YES;
				ASSETCATALOG_COMPILER_APPICON_NAME = AppIcon;
				CLANG_ENABLE_MODULES = YES;
				CODE_SIGN_ENTITLEMENTS = "Tile View/Tile View.entitlements";
				CODE_SIGN_STYLE = Automatic;
				DEVELOPMENT_TEAM = 9622H67BVM;
				INFOPLIST_FILE = "Tile View/Info.plist";
				LD_RUNPATH_SEARCH_PATHS = (
					"$(inherited)",
					"@executable_path/Frameworks",
				);
				PRODUCT_BUNDLE_IDENTIFIER = "com.jacobhazelgrove.Tile-View";
				PRODUCT_NAME = "$(TARGET_NAME)";
				SUPPORTS_MACCATALYST = YES;
				SWIFT_OBJC_BRIDGING_HEADER = "Tile View/Tile View-Bridging-Header.h";
				SWIFT_OPTIMIZATION_LEVEL = "-Onone";
				SWIFT_VERSION = 5.0;
				TARGETED_DEVICE_FAMILY = 2;
			};
			name = Debug;
		};
		162550A424398D4F008FB122 /* Release */ = {
			isa = XCBuildConfiguration;
			buildSettings = {
				ALWAYS_EMBED_SWIFT_STANDARD_LIBRARIES = YES;
				ASSETCATALOG_COMPILER_APPICON_NAME = AppIcon;
				CLANG_ENABLE_MODULES = YES;
				CODE_SIGN_ENTITLEMENTS = "Tile View/Tile View.entitlements";
				CODE_SIGN_STYLE = Automatic;
				DEVELOPMENT_TEAM = 9622H67BVM;
				INFOPLIST_FILE = "Tile View/Info.plist";
				LD_RUNPATH_SEARCH_PATHS = (
					"$(inherited)",
					"@executable_path/Frameworks",
				);
				PRODUCT_BUNDLE_IDENTIFIER = "com.jacobhazelgrove.Tile-View";
				PRODUCT_NAME = "$(TARGET_NAME)";
				SUPPORTS_MACCATALYST = YES;
				SWIFT_OBJC_BRIDGING_HEADER = "Tile View/Tile View-Bridging-Header.h";
				SWIFT_VERSION = 5.0;
				TARGETED_DEVICE_FAMILY = 2;
			};
			name = Release;
		};
		162550A624398D4F008FB122 /* Debug */ = {
			isa = XCBuildConfiguration;
			buildSettings = {
				ALWAYS_EMBED_SWIFT_STANDARD_LIBRARIES = YES;
				BUNDLE_LOADER = "$(TEST_HOST)";
				CODE_SIGN_STYLE = Automatic;
				DEVELOPMENT_TEAM = 9622H67BVM;
				INFOPLIST_FILE = "Tile ViewTests/Info.plist";
				IPHONEOS_DEPLOYMENT_TARGET = 13.4;
				LD_RUNPATH_SEARCH_PATHS = (
					"$(inherited)",
					"@executable_path/Frameworks",
					"@loader_path/Frameworks",
				);
				PRODUCT_BUNDLE_IDENTIFIER = "com.jacobhazelgrove.Tile-ViewTests";
				PRODUCT_NAME = "$(TARGET_NAME)";
				SWIFT_VERSION = 5.0;
				TARGETED_DEVICE_FAMILY = "1,2";
				TEST_HOST = "$(BUILT_PRODUCTS_DIR)/Tile View.app/Tile View";
			};
			name = Debug;
		};
		162550A724398D4F008FB122 /* Release */ = {
			isa = XCBuildConfiguration;
			buildSettings = {
				ALWAYS_EMBED_SWIFT_STANDARD_LIBRARIES = YES;
				BUNDLE_LOADER = "$(TEST_HOST)";
				CODE_SIGN_STYLE = Automatic;
				DEVELOPMENT_TEAM = 9622H67BVM;
				INFOPLIST_FILE = "Tile ViewTests/Info.plist";
				IPHONEOS_DEPLOYMENT_TARGET = 13.4;
				LD_RUNPATH_SEARCH_PATHS = (
					"$(inherited)",
					"@executable_path/Frameworks",
					"@loader_path/Frameworks",
				);
				PRODUCT_BUNDLE_IDENTIFIER = "com.jacobhazelgrove.Tile-ViewTests";
				PRODUCT_NAME = "$(TARGET_NAME)";
				SWIFT_VERSION = 5.0;
				TARGETED_DEVICE_FAMILY = "1,2";
				TEST_HOST = "$(BUILT_PRODUCTS_DIR)/Tile View.app/Tile View";
			};
			name = Release;
		};
		1677729E243AA69F003F22F9 /* Debug */ = {
			isa = XCBuildConfiguration;
			buildSettings = {
				CLANG_ENABLE_MODULES = YES;
				CODE_SIGN_STYLE = Automatic;
				COMBINE_HIDPI_IMAGES = YES;
				DEVELOPMENT_TEAM = 9622H67BVM;
				INFOPLIST_FILE = AppKitBridge/Info.plist;
				INSTALL_PATH = "$(LOCAL_LIBRARY_DIR)/Bundles";
				LD_RUNPATH_SEARCH_PATHS = (
					"$(inherited)",
					"@executable_path/../Frameworks",
					"@loader_path/../Frameworks",
				);
				MACOSX_DEPLOYMENT_TARGET = 10.15;
				PRODUCT_BUNDLE_IDENTIFIER = com.jacobhazelgrove.AppKitBridge;
				PRODUCT_NAME = "$(TARGET_NAME)";
				SDKROOT = macosx;
				SKIP_INSTALL = YES;
				SWIFT_OBJC_BRIDGING_HEADER = "AppKitBridge/AppKitBridge-Bridging-Header.h";
				SWIFT_OPTIMIZATION_LEVEL = "-Onone";
				SWIFT_VERSION = 5.0;
				WRAPPER_EXTENSION = bundle;
			};
			name = Debug;
		};
		1677729F243AA69F003F22F9 /* Release */ = {
			isa = XCBuildConfiguration;
			buildSettings = {
				CLANG_ENABLE_MODULES = YES;
				CODE_SIGN_STYLE = Automatic;
				COMBINE_HIDPI_IMAGES = YES;
				DEVELOPMENT_TEAM = 9622H67BVM;
				INFOPLIST_FILE = AppKitBridge/Info.plist;
				INSTALL_PATH = "$(LOCAL_LIBRARY_DIR)/Bundles";
				LD_RUNPATH_SEARCH_PATHS = (
					"$(inherited)",
					"@executable_path/../Frameworks",
					"@loader_path/../Frameworks",
				);
				MACOSX_DEPLOYMENT_TARGET = 10.15;
				PRODUCT_BUNDLE_IDENTIFIER = com.jacobhazelgrove.AppKitBridge;
				PRODUCT_NAME = "$(TARGET_NAME)";
				SDKROOT = macosx;
				SKIP_INSTALL = YES;
				SWIFT_OBJC_BRIDGING_HEADER = "AppKitBridge/AppKitBridge-Bridging-Header.h";
				SWIFT_VERSION = 5.0;
				WRAPPER_EXTENSION = bundle;
			};
			name = Release;
		};
/* End XCBuildConfiguration section */

/* Begin XCConfigurationList section */
		1625507E24398D4D008FB122 /* Build configuration list for PBXProject "Tile View" */ = {
			isa = XCConfigurationList;
			buildConfigurations = (
				162550A024398D4F008FB122 /* Debug */,
				162550A124398D4F008FB122 /* Release */,
			);
			defaultConfigurationIsVisible = 0;
			defaultConfigurationName = Release;
		};
		162550A224398D4F008FB122 /* Build configuration list for PBXNativeTarget "Tile View" */ = {
			isa = XCConfigurationList;
			buildConfigurations = (
				162550A324398D4F008FB122 /* Debug */,
				162550A424398D4F008FB122 /* Release */,
			);
			defaultConfigurationIsVisible = 0;
			defaultConfigurationName = Release;
		};
		162550A524398D4F008FB122 /* Build configuration list for PBXNativeTarget "Tile ViewTests" */ = {
			isa = XCConfigurationList;
			buildConfigurations = (
				162550A624398D4F008FB122 /* Debug */,
				162550A724398D4F008FB122 /* Release */,
			);
			defaultConfigurationIsVisible = 0;
			defaultConfigurationName = Release;
		};
		1677729D243AA69F003F22F9 /* Build configuration list for PBXNativeTarget "AppKitBridge" */ = {
			isa = XCConfigurationList;
			buildConfigurations = (
				1677729E243AA69F003F22F9 /* Debug */,
				1677729F243AA69F003F22F9 /* Release */,
			);
			defaultConfigurationIsVisible = 0;
			defaultConfigurationName = Release;
		};
/* End XCConfigurationList section */
	};
	rootObject = 1625507B24398D4D008FB122 /* Project object */;
}
